{
  "nodes": {
    "blueprint": {
      "inputs": {
        "nixpkgs": [
          "nixpkgs"
        ],
        "systems": "systems"
      },
      "locked": {
        "lastModified": 1755332143,
        "narHash": "sha256-jaiZPA5ND7HPJ4U/bzp+BKGOYR14+rIe9tC6XA4jBHU=",
        "type": "tarball",
        "url": "https://github.com/numtide/blueprint/archive/3c8bf84e28df2be19cc6623cb3ceeb6fc0839b91.tar.gz"
      },
      "original": {
        "type": "tarball",
        "url": "https://github.com/numtide/blueprint/archive/3c8bf84e28df2be19cc6623cb3ceeb6fc0839b91.tar.gz"
      }
    },
    "nixpkgs": {
      "locked": {
        "lastModified": 1756501864,
        "narHash": "sha256-b7Pt9VkYZ9DUXCNBxO7XKa57tZ+JTuc6wvUiwP5Yiik=",
        "type": "tarball",
        "url": "https://github.com/NixOS/nixpkgs/archive/934c891d823f663fdb259ce6060a4fa410f76d65.tar.gz"
      },
      "original": {
        "type": "tarball",
        "url": "https://github.com/NixOS/nixpkgs/archive/934c891d823f663fdb259ce6060a4fa410f76d65.tar.gz"
      }
    },
    "root": {
      "inputs": {
        "blueprint": "blueprint",
        "nixpkgs": "nixpkgs",
        "treefmt-nix": "treefmt-nix"
      }
    },
    "systems": {
      "locked": {
        "lastModified": 1681028828,
        "narHash": "sha256-Vy1rq5AaRuLzOxct8nz4T6wlgyUR7zLU309k9mBC768=",
        "owner": "nix-systems",
        "repo": "default",
        "rev": "da67096a3b9bf56a91d16901293e51ba5b49a27e",
        "type": "github"
      },
      "original": {
        "owner": "nix-systems",
        "repo": "default",
        "type": "github"
      }
    },
    "treefmt-nix": {
      "inputs": {
        "nixpkgs": [
          "nixpkgs"
        ]
      },
      "locked": {
        "lastModified": 1755934250,
        "narHash": "sha256-CsDojnMgYsfshQw3t4zjRUkmMmUdZGthl16bXVWgRYU=",
        "type": "tarball",
        "url": "https://github.com/numtide/treefmt-nix/archive/74e1a52d5bd9430312f8d1b8b0354c92c17453e5.tar.gz"
      },
      "original": {
        "type": "tarball",
        "url": "https://github.com/numtide/treefmt-nix/archive/74e1a52d5bd9430312f8d1b8b0354c92c17453e5.tar.gz"
      }
    }
  },
  "root": "root",
  "version": 7
}
